
Microsoft Visual Studio Solution File, Format Version 12.00
# Visual Studio Version 16
VisualStudioVersion = 16.0.29509.3
MinimumVisualStudioVersion = 10.0.40219.1
Project("{FAE04EC0-301F-11D3-BF4B-00C04F79EFBC}") = "Vidzy", "Vidzy\Vidzy.csproj", "{1C1C46DB-ED0A-4D8E-948E-4670F0F00046}"
EndProject
Global
	GlobalSection(SolutionConfigurationPlatforms) = preSolution
		Debug|Any CPU = Debug|Any CPU
		Release|Any CPU = Release|Any CPU
	EndGlobalSection
	GlobalSection(ProjectConfigurationPlatforms) = postSolution
		{1C1C46DB-ED0A-4D8E-948E-4670F0F00046}.Debug|Any CPU.ActiveCfg = Debug|Any CPU
		{1C1C46DB-ED0A-4D8E-948E-4670F0F00046}.Debug|Any CPU.Build.0 = Debug|Any CPU
		{1C1C46DB-ED0A-4D8E-948E-4670F0F00046}.Release|Any CPU.ActiveCfg = Release|Any CPU
		{1C1C46DB-ED0A-4D8E-948E-4670F0F00046}.Release|Any CPU.Build.0 = Release|Any CPU
	EndGlobalSection
	GlobalSection(SolutionProperties) = preSolution
		HideSolutionNode = FALSE
	EndGlobalSection
	GlobalSection(ExtensibilityGlobals) = postSolution
		SolutionGuid = {DA3E3559-4295-4FE7-AAD3-AB4FBE592167}
	EndGlobalSection
EndGlobal
